
Microsoft Visual Studio Solution File, Format Version 12.00
# Visual Studio Version 16
VisualStudioVersion = 16.0.34114.132
MinimumVisualStudioVersion = 10.0.40219.1
Project("{FAE04EC0-301F-11D3-BF4B-00C04F79EFBC}") = "SampleConsoleApplication", "SampleConsoleApplication\SampleConsoleApplication.csproj", "{B6BAF79D-E208-4ACB-BBD4-9EE83C452048}"
EndProject
Global
	GlobalSection(SolutionConfigurationPlatforms) = preSolution
		Debug|Any CPU = Debug|Any CPU
		Release|Any CPU = Release|Any CPU
	EndGlobalSection
	GlobalSection(ProjectConfigurationPlatforms) = postSolution
		{B6BAF79D-E208-4ACB-BBD4-9EE83C452048}.Debug|Any CPU.ActiveCfg = Debug|Any CPU
		{B6BAF79D-E208-4ACB-BBD4-9EE83C452048}.Debug|Any CPU.Build.0 = Debug|Any CPU
		{B6BAF79D-E208-4ACB-BBD4-9EE83C452048}.Release|Any CPU.ActiveCfg = Release|Any CPU
		{B6BAF79D-E208-4ACB-BBD4-9EE83C452048}.Release|Any CPU.Build.0 = Release|Any CPU
	EndGlobalSection
	GlobalSection(SolutionProperties) = preSolution
		HideSolutionNode = FALSE
	EndGlobalSection
	GlobalSection(ExtensibilityGlobals) = postSolution
		SolutionGuid = {9D0C57FE-1A6F-4884-95A5-D538B14D6DD0}
	EndGlobalSection
EndGlobal
